
Microsoft Visual Studio Solution File, Format Version 12.00
# Visual Studio Version 17
VisualStudioVersion = 17.14.36202.13 d17.14
MinimumVisualStudioVersion = 10.0.40219.1
Project("{FAE04EC0-301F-11D3-BF4B-00C04F79EFBC}") = "DexInstructionRunner", "DexInstructionRunner.csproj", "{09E4DF1B-7F8B-C54F-3E0E-CEE41E43E974}"
EndProject
Global
	GlobalSection(SolutionConfigurationPlatforms) = preSolution
		Debug|Any CPU = Debug|Any CPU
		Release|Any CPU = Release|Any CPU
	EndGlobalSection
	GlobalSection(ProjectConfigurationPlatforms) = postSolution
		{09E4DF1B-7F8B-C54F-3E0E-CEE41E43E974}.Debug|Any CPU.ActiveCfg = Debug|Any CPU
		{09E4DF1B-7F8B-C54F-3E0E-CEE41E43E974}.Debug|Any CPU.Build.0 = Debug|Any CPU
		{09E4DF1B-7F8B-C54F-3E0E-CEE41E43E974}.Release|Any CPU.ActiveCfg = Release|Any CPU
		{09E4DF1B-7F8B-C54F-3E0E-CEE41E43E974}.Release|Any CPU.Build.0 = Release|Any CPU
	EndGlobalSection
	GlobalSection(SolutionProperties) = preSolution
		HideSolutionNode = FALSE
	EndGlobalSection
	GlobalSection(ExtensibilityGlobals) = postSolution
		SolutionGuid = {60C1AA31-0BE6-4C3E-9990-086A4B1BD835}
	EndGlobalSection
EndGlobal
